// !$*UTF8*$!
{
	archiveVersion = 1;
	classes = {
	};
	objectVersion = 60;
	objects = {

/* Begin PBXBuildFile section */
		0F04F7D72C3A47A900A2F072 /* ObjectTrackingRealityView.swift in Sources */ = {isa = PBXBuildFile; fileRef = 0F04F7D62C3A47A900A2F072 /* ObjectTrackingRealityView.swift */; };
		0F04F7D92C3A47FC00A2F072 /* AppState.swift in Sources */ = {isa = PBXBuildFile; fileRef = 0F04F7D82C3A47FC00A2F072 /* AppState.swift */; };
		0F04F7DB2C3A4C1000A2F072 /* ReferenceObjectLoader.swift in Sources */ = {isa = PBXBuildFile; fileRef = 0F04F7DA2C3A4C1000A2F072 /* ReferenceObjectLoader.swift */; };
		0F04F7DD2C3A4CE900A2F072 /* ObjectAnchorVisualization.swift in Sources */ = {isa = PBXBuildFile; fileRef = 0F04F7DC2C3A4CE900A2F072 /* ObjectAnchorVisualization.swift */; };
		0F912B622C3A30A900D44DEF /* RealityKitContent in Frameworks */ = {isa = PBXBuildFile; productRef = 0F912B612C3A30A900D44DEF /* RealityKitContent */; };
		0F912B642C3A30A900D44DEF /* VisionOSObjectTrackingDemoApp.swift in Sources */ = {isa = PBXBuildFile; fileRef = 0F912B632C3A30A900D44DEF /* VisionOSObjectTrackingDemoApp.swift */; };
		0F912B662C3A30A900D44DEF /* HomeContentView.swift in Sources */ = {isa = PBXBuildFile; fileRef = 0F912B652C3A30A900D44DEF /* HomeContentView.swift */; };
		0F912B6E2C3A30AB00D44DEF /* Assets.xcassets in Resources */ = {isa = PBXBuildFile; fileRef = 0F912B6D2C3A30AB00D44DEF /* Assets.xcassets */; };
		0F912B712C3A30AB00D44DEF /* Preview Assets.xcassets in Resources */ = {isa = PBXBuildFile; fileRef = 0F912B702C3A30AB00D44DEF /* Preview Assets.xcassets */; };
		0F912B7C2C3A30AB00D44DEF /* VisionOSObjectTrackingDemoTests.swift in Sources */ = {isa = PBXBuildFile; fileRef = 0F912B7B2C3A30AB00D44DEF /* VisionOSObjectTrackingDemoTests.swift */; };
		0F9FD9212C3B386F0036220F /* PS5_Controller_Trained.referenceobject in Sources */ = {isa = PBXBuildFile; fileRef = 0F9FD91F2C3B386F0036220F /* PS5_Controller_Trained.referenceobject */; };
		0F9FD9222C3B386F0036220F /* Toy_Trained.referenceobject in Sources */ = {isa = PBXBuildFile; fileRef = 0F9FD9202C3B386F0036220F /* Toy_Trained.referenceobject */; };
/* End PBXBuildFile section */

/* Begin PBXContainerItemProxy section */
		0F912B782C3A30AB00D44DEF /* PBXContainerItemProxy */ = {
			isa = PBXContainerItemProxy;
			containerPortal = 0F912B542C3A30A900D44DEF /* Project object */;
			proxyType = 1;
			remoteGlobalIDString = 0F912B5B2C3A30A900D44DEF;
			remoteInfo = VisionOSObjectTrackingDemo;
		};
/* End PBXContainerItemProxy section */

/* Begin PBXFileReference section */
		0F04F7D62C3A47A900A2F072 /* ObjectTrackingRealityView.swift */ = {isa = PBXFileReference; lastKnownFileType = sourcecode.swift; path = ObjectTrackingRealityView.swift; sourceTree = "<group>"; };
		0F04F7D82C3A47FC00A2F072 /* AppState.swift */ = {isa = PBXFileReference; lastKnownFileType = sourcecode.swift; path = AppState.swift; sourceTree = "<group>"; };
		0F04F7DA2C3A4C1000A2F072 /* ReferenceObjectLoader.swift */ = {isa = PBXFileReference; lastKnownFileType = sourcecode.swift; path = ReferenceObjectLoader.swift; sourceTree = "<group>"; };
		0F04F7DC2C3A4CE900A2F072 /* ObjectAnchorVisualization.swift */ = {isa = PBXFileReference; lastKnownFileType = sourcecode.swift; path = ObjectAnchorVisualization.swift; sourceTree = "<group>"; };
		0F912B5C2C3A30A900D44DEF /* VisionOSObjectTrackingDemo.app */ = {isa = PBXFileReference; explicitFileType = wrapper.application; includeInIndex = 0; path = VisionOSObjectTrackingDemo.app; sourceTree = BUILT_PRODUCTS_DIR; };
		0F912B602C3A30A900D44DEF /* RealityKitContent */ = {isa = PBXFileReference; lastKnownFileType = wrapper; path = RealityKitContent; sourceTree = "<group>"; };
		0F912B632C3A30A900D44DEF /* VisionOSObjectTrackingDemoApp.swift */ = {isa = PBXFileReference; lastKnownFileType = sourcecode.swift; path = VisionOSObjectTrackingDemoApp.swift; sourceTree = "<group>"; };
		0F912B652C3A30A900D44DEF /* HomeContentView.swift */ = {isa = PBXFileReference; lastKnownFileType = sourcecode.swift; path = HomeContentView.swift; sourceTree = "<group>"; };
		0F912B6D2C3A30AB00D44DEF /* Assets.xcassets */ = {isa = PBXFileReference; lastKnownFileType = folder.assetcatalog; path = Assets.xcassets; sourceTree = "<group>"; };
		0F912B702C3A30AB00D44DEF /* Preview Assets.xcassets */ = {isa = PBXFileReference; lastKnownFileType = folder.assetcatalog; path = "Preview Assets.xcassets"; sourceTree = "<group>"; };
		0F912B722C3A30AB00D44DEF /* Info.plist */ = {isa = PBXFileReference; lastKnownFileType = text.plist.xml; path = Info.plist; sourceTree = "<group>"; };
		0F912B772C3A30AB00D44DEF /* VisionOSObjectTrackingDemoTests.xctest */ = {isa = PBXFileReference; explicitFileType = wrapper.cfbundle; includeInIndex = 0; path = VisionOSObjectTrackingDemoTests.xctest; sourceTree = BUILT_PRODUCTS_DIR; };
		0F912B7B2C3A30AB00D44DEF /* VisionOSObjectTrackingDemoTests.swift */ = {isa = PBXFileReference; lastKnownFileType = sourcecode.swift; path = VisionOSObjectTrackingDemoTests.swift; sourceTree = "<group>"; };
		0F9FD91F2C3B386F0036220F /* PS5_Controller_Trained.referenceobject */ = {isa = PBXFileReference; lastKnownFileType = file.referenceobject; path = PS5_Controller_Trained.referenceobject; sourceTree = "<group>"; };
		0F9FD9202C3B386F0036220F /* Toy_Trained.referenceobject */ = {isa = PBXFileReference; lastKnownFileType = file.referenceobject; path = Toy_Trained.referenceobject; sourceTree = "<group>"; };
/* End PBXFileReference section */

/* Begin PBXFrameworksBuildPhase section */
		0F912B592C3A30A900D44DEF /* Frameworks */ = {
			isa = PBXFrameworksBuildPhase;
			buildActionMask = 2147483647;
			files = (
				0F912B622C3A30A900D44DEF /* RealityKitContent in Frameworks */,
			);
			runOnlyForDeploymentPostprocessing = 0;
		};
		0F912B742C3A30AB00D44DEF /* Frameworks */ = {
			isa = PBXFrameworksBuildPhase;
			buildActionMask = 2147483647;
			files = (
			);
			runOnlyForDeploymentPostprocessing = 0;
		};
/* End PBXFrameworksBuildPhase section */

/* Begin PBXGroup section */
		0F04F7D22C3A472200A2F072 /* Helpers */ = {
			isa = PBXGroup;
			children = (
				0F04F7DA2C3A4C1000A2F072 /* ReferenceObjectLoader.swift */,
				0F04F7D82C3A47FC00A2F072 /* AppState.swift */,
				0F04F7DC2C3A4CE900A2F072 /* ObjectAnchorVisualization.swift */,
			);
			path = Helpers;
			sourceTree = "<group>";
		};
		0F04F7D52C3A479B00A2F072 /* Views */ = {
			isa = PBXGroup;
			children = (
				0F912B652C3A30A900D44DEF /* HomeContentView.swift */,
				0F04F7D62C3A47A900A2F072 /* ObjectTrackingRealityView.swift */,
			);
			path = Views;
			sourceTree = "<group>";
		};
		0F2B5E442C3A552A00BB982D /* Reference Objects */ = {
			isa = PBXGroup;
			children = (
				0F9FD91F2C3B386F0036220F /* PS5_Controller_Trained.referenceobject */,
				0F9FD9202C3B386F0036220F /* Toy_Trained.referenceobject */,
			);
			path = "Reference Objects";
			sourceTree = "<group>";
		};
		0F912B532C3A30A900D44DEF = {
			isa = PBXGroup;
			children = (
				0F2B5E442C3A552A00BB982D /* Reference Objects */,
				0F912B5E2C3A30A900D44DEF /* VisionOSObjectTrackingDemo */,
				0F912B5F2C3A30A900D44DEF /* Packages */,
				0F912B7A2C3A30AB00D44DEF /* VisionOSObjectTrackingDemoTests */,
				0F912B5D2C3A30A900D44DEF /* Products */,
			);
			sourceTree = "<group>";
		};
		0F912B5D2C3A30A900D44DEF /* Products */ = {
			isa = PBXGroup;
			children = (
				0F912B5C2C3A30A900D44DEF /* VisionOSObjectTrackingDemo.app */,
				0F912B772C3A30AB00D44DEF /* VisionOSObjectTrackingDemoTests.xctest */,
			);
			name = Products;
			sourceTree = "<group>";
		};
		0F912B5E2C3A30A900D44DEF /* VisionOSObjectTrackingDemo */ = {
			isa = PBXGroup;
			children = (
				0F912B632C3A30A900D44DEF /* VisionOSObjectTrackingDemoApp.swift */,
				0F04F7D52C3A479B00A2F072 /* Views */,
				0F04F7D22C3A472200A2F072 /* Helpers */,
				0F912B6D2C3A30AB00D44DEF /* Assets.xcassets */,
				0F912B722C3A30AB00D44DEF /* Info.plist */,
				0F912B6F2C3A30AB00D44DEF /* Preview Content */,
			);
			path = VisionOSObjectTrackingDemo;
			sourceTree = "<group>";
		};
		0F912B5F2C3A30A900D44DEF /* Packages */ = {
			isa = PBXGroup;
			children = (
				0F912B602C3A30A900D44DEF /* RealityKitContent */,
			);
			path = Packages;
			sourceTree = "<group>";
		};
		0F912B6F2C3A30AB00D44DEF /* Preview Content */ = {
			isa = PBXGroup;
			children = (
				0F912B702C3A30AB00D44DEF /* Preview Assets.xcassets */,
			);
			path = "Preview Content";
			sourceTree = "<group>";
		};
		0F912B7A2C3A30AB00D44DEF /* VisionOSObjectTrackingDemoTests */ = {
			isa = PBXGroup;
			children = (
				0F912B7B2C3A30AB00D44DEF /* VisionOSObjectTrackingDemoTests.swift */,
			);
			path = VisionOSObjectTrackingDemoTests;
			sourceTree = "<group>";
		};
/* End PBXGroup section */

/* Begin PBXNativeTarget section */
		0F912B5B2C3A30A900D44DEF /* VisionOSObjectTrackingDemo */ = {
			isa = PBXNativeTarget;
			buildConfigurationList = 0F912B7F2C3A30AB00D44DEF /* Build configuration list for PBXNativeTarget "VisionOSObjectTrackingDemo" */;
			buildPhases = (
				0F912B582C3A30A900D44DEF /* Sources */,
				0F912B592C3A30A900D44DEF /* Frameworks */,
				0F912B5A2C3A30A900D44DEF /* Resources */,
			);
			buildRules = (
			);
			dependencies = (
			);
			name = VisionOSObjectTrackingDemo;
			packageProductDependencies = (
				0F912B612C3A30A900D44DEF /* RealityKitContent */,
			);
			productName = VisionOSObjectTrackingDemo;
			productReference = 0F912B5C2C3A30A900D44DEF /* VisionOSObjectTrackingDemo.app */;
			productType = "com.apple.product-type.application";
		};
		0F912B762C3A30AB00D44DEF /* VisionOSObjectTrackingDemoTests */ = {
			isa = PBXNativeTarget;
			buildConfigurationList = 0F912B822C3A30AB00D44DEF /* Build configuration list for PBXNativeTarget "VisionOSObjectTrackingDemoTests" */;
			buildPhases = (
				0F912B732C3A30AB00D44DEF /* Sources */,
				0F912B742C3A30AB00D44DEF /* Frameworks */,
				0F912B752C3A30AB00D44DEF /* Resources */,
			);
			buildRules = (
			);
			dependencies = (
				0F912B792C3A30AB00D44DEF /* PBXTargetDependency */,
			);
			name = VisionOSObjectTrackingDemoTests;
			productName = VisionOSObjectTrackingDemoTests;
			productReference = 0F912B772C3A30AB00D44DEF /* VisionOSObjectTrackingDemoTests.xctest */;
			productType = "com.apple.product-type.bundle.unit-test";
		};
/* End PBXNativeTarget section */

/* Begin PBXProject section */
		0F912B542C3A30A900D44DEF /* Project object */ = {
			isa = PBXProject;
			attributes = {
				BuildIndependentTargetsInParallel = 1;
				LastSwiftUpdateCheck = 1600;
				LastUpgradeCheck = 1600;
				TargetAttributes = {
					0F912B5B2C3A30A900D44DEF = {
						CreatedOnToolsVersion = 16.0;
					};
					0F912B762C3A30AB00D44DEF = {
						CreatedOnToolsVersion = 16.0;
						TestTargetID = 0F912B5B2C3A30A900D44DEF;
					};
				};
			};
			buildConfigurationList = 0F912B572C3A30A900D44DEF /* Build configuration list for PBXProject "VisionOSObjectTrackingDemo" */;
			compatibilityVersion = "Xcode 15.0";
			developmentRegion = en;
			hasScannedForEncodings = 0;
			knownRegions = (
				en,
				Base,
			);
			mainGroup = 0F912B532C3A30A900D44DEF;
			productRefGroup = 0F912B5D2C3A30A900D44DEF /* Products */;
			projectDirPath = "";
			projectRoot = "";
			targets = (
				0F912B5B2C3A30A900D44DEF /* VisionOSObjectTrackingDemo */,
				0F912B762C3A30AB00D44DEF /* VisionOSObjectTrackingDemoTests */,
			);
		};
/* End PBXProject section */

/* Begin PBXResourcesBuildPhase section */
		0F912B5A2C3A30A900D44DEF /* Resources */ = {
			isa = PBXResourcesBuildPhase;
			buildActionMask = 2147483647;
			files = (
				0F912B712C3A30AB00D44DEF /* Preview Assets.xcassets in Resources */,
				0F912B6E2C3A30AB00D44DEF /* Assets.xcassets in Resources */,
			);
			runOnlyForDeploymentPostprocessing = 0;
		};
		0F912B752C3A30AB00D44DEF /* Resources */ = {
			isa = PBXResourcesBuildPhase;
			buildActionMask = 2147483647;
			files = (
			);
			runOnlyForDeploymentPostprocessing = 0;
		};
/* End PBXResourcesBuildPhase section */

/* Begin PBXSourcesBuildPhase section */
		0F912B582C3A30A900D44DEF /* Sources */ = {
			isa = PBXSourcesBuildPhase;
			buildActionMask = 2147483647;
			files = (
				0F912B662C3A30A900D44DEF /* HomeContentView.swift in Sources */,
				0F9FD9212C3B386F0036220F /* PS5_Controller_Trained.referenceobject in Sources */,
				0F9FD9222C3B386F0036220F /* Toy_Trained.referenceobject in Sources */,
				0F04F7D92C3A47FC00A2F072 /* AppState.swift in Sources */,
				0F04F7DD2C3A4CE900A2F072 /* ObjectAnchorVisualization.swift in Sources */,
				0F04F7D72C3A47A900A2F072 /* ObjectTrackingRealityView.swift in Sources */,
				0F912B642C3A30A900D44DEF /* VisionOSObjectTrackingDemoApp.swift in Sources */,
				0F04F7DB2C3A4C1000A2F072 /* ReferenceObjectLoader.swift in Sources */,
			);
			runOnlyForDeploymentPostprocessing = 0;
		};
		0F912B732C3A30AB00D44DEF /* Sources */ = {
			isa = PBXSourcesBuildPhase;
			buildActionMask = 2147483647;
			files = (
				0F912B7C2C3A30AB00D44DEF /* VisionOSObjectTrackingDemoTests.swift in Sources */,
			);
			runOnlyForDeploymentPostprocessing = 0;
		};
/* End PBXSourcesBuildPhase section */

/* Begin PBXTargetDependency section */
		0F912B792C3A30AB00D44DEF /* PBXTargetDependency */ = {
			isa = PBXTargetDependency;
			target = 0F912B5B2C3A30A900D44DEF /* VisionOSObjectTrackingDemo */;
			targetProxy = 0F912B782C3A30AB00D44DEF /* PBXContainerItemProxy */;
		};
/* End PBXTargetDependency section */

/* Begin XCBuildConfiguration section */
		0F912B7D2C3A30AB00D44DEF /* Debug */ = {
			isa = XCBuildConfiguration;
			buildSettings = {
				ALWAYS_SEARCH_USER_PATHS = NO;
				ASSETCATALOG_COMPILER_GENERATE_SWIFT_ASSET_SYMBOL_EXTENSIONS = YES;
				CLANG_ANALYZER_NONNULL = YES;
				CLANG_ANALYZER_NUMBER_OBJECT_CONVERSION = YES_AGGRESSIVE;
				CLANG_CXX_LANGUAGE_STANDARD = "gnu++20";
				CLANG_ENABLE_MODULES = YES;
				CLANG_ENABLE_OBJC_ARC = YES;
				CLANG_ENABLE_OBJC_WEAK = YES;
				CLANG_WARN_BLOCK_CAPTURE_AUTORELEASING = YES;
				CLANG_WARN_BOOL_CONVERSION = YES;
				CLANG_WARN_COMMA = YES;
				CLANG_WARN_CONSTANT_CONVERSION = YES;
				CLANG_WARN_DEPRECATED_OBJC_IMPLEMENTATIONS = YES;
				CLANG_WARN_DIRECT_OBJC_ISA_USAGE = YES_ERROR;
				CLANG_WARN_DOCUMENTATION_COMMENTS = YES;
				CLANG_WARN_EMPTY_BODY = YES;
				CLANG_WARN_ENUM_CONVERSION = YES;
				CLANG_WARN_INFINITE_RECURSION = YES;
				CLANG_WARN_INT_CONVERSION = YES;
				CLANG_WARN_NON_LITERAL_NULL_CONVERSION = YES;
				CLANG_WARN_OBJC_IMPLICIT_RETAIN_SELF = YES;
				CLANG_WARN_OBJC_LITERAL_CONVERSION = YES;
				CLANG_WARN_OBJC_ROOT_CLASS = YES_ERROR;
				CLANG_WARN_QUOTED_INCLUDE_IN_FRAMEWORK_HEADER = YES;
				CLANG_WARN_RANGE_LOOP_ANALYSIS = YES;
				CLANG_WARN_STRICT_PROTOTYPES = YES;
				CLANG_WARN_SUSPICIOUS_MOVE = YES;
				CLANG_WARN_UNGUARDED_AVAILABILITY = YES_AGGRESSIVE;
				CLANG_WARN_UNREACHABLE_CODE = YES;
				CLANG_WARN__DUPLICATE_METHOD_MATCH = YES;
				COPY_PHASE_STRIP = NO;
				DEBUG_INFORMATION_FORMAT = dwarf;
				ENABLE_STRICT_OBJC_MSGSEND = YES;
				ENABLE_TESTABILITY = YES;
				ENABLE_USER_SCRIPT_SANDBOXING = YES;
				GCC_C_LANGUAGE_STANDARD = gnu17;
				GCC_DYNAMIC_NO_PIC = NO;
				GCC_NO_COMMON_BLOCKS = YES;
				GCC_OPTIMIZATION_LEVEL = 0;
				GCC_PREPROCESSOR_DEFINITIONS = (
					"DEBUG=1",
					"$(inherited)",
				);
				GCC_WARN_64_TO_32_BIT_CONVERSION = YES;
				GCC_WARN_ABOUT_RETURN_TYPE = YES_ERROR;
				GCC_WARN_UNDECLARED_SELECTOR = YES;
				GCC_WARN_UNINITIALIZED_AUTOS = YES_AGGRESSIVE;
				GCC_WARN_UNUSED_FUNCTION = YES;
				GCC_WARN_UNUSED_VARIABLE = YES;
				LOCALIZATION_PREFERS_STRING_CATALOGS = YES;
				MTL_ENABLE_DEBUG_INFO = INCLUDE_SOURCE;
				MTL_FAST_MATH = YES;
				ONLY_ACTIVE_ARCH = YES;
				SDKROOT = xros;
				SWIFT_ACTIVE_COMPILATION_CONDITIONS = "DEBUG $(inherited)";
				SWIFT_OPTIMIZATION_LEVEL = "-Onone";
				XROS_DEPLOYMENT_TARGET = 2.0;
			};
			name = Debug;
		};
		0F912B7E2C3A30AB00D44DEF /* Release */ = {
			isa = XCBuildConfiguration;
			buildSettings = {
				ALWAYS_SEARCH_USER_PATHS = NO;
				ASSETCATALOG_COMPILER_GENERATE_SWIFT_ASSET_SYMBOL_EXTENSIONS = YES;
				CLANG_ANALYZER_NONNULL = YES;
				CLANG_ANALYZER_NUMBER_OBJECT_CONVERSION = YES_AGGRESSIVE;
				CLANG_CXX_LANGUAGE_STANDARD = "gnu++20";
				CLANG_ENABLE_MODULES = YES;
				CLANG_ENABLE_OBJC_ARC = YES;
				CLANG_ENABLE_OBJC_WEAK = YES;
				CLANG_WARN_BLOCK_CAPTURE_AUTORELEASING = YES;
				CLANG_WARN_BOOL_CONVERSION = YES;
				CLANG_WARN_COMMA = YES;
				CLANG_WARN_CONSTANT_CONVERSION = YES;
				CLANG_WARN_DEPRECATED_OBJC_IMPLEMENTATIONS = YES;
				CLANG_WARN_DIRECT_OBJC_ISA_USAGE = YES_ERROR;
				CLANG_WARN_DOCUMENTATION_COMMENTS = YES;
				CLANG_WARN_EMPTY_BODY = YES;
				CLANG_WARN_ENUM_CONVERSION = YES;
				CLANG_WARN_INFINITE_RECURSION = YES;
				CLANG_WARN_INT_CONVERSION = YES;
				CLANG_WARN_NON_LITERAL_NULL_CONVERSION = YES;
				CLANG_WARN_OBJC_IMPLICIT_RETAIN_SELF = YES;
				CLANG_WARN_OBJC_LITERAL_CONVERSION = YES;
				CLANG_WARN_OBJC_ROOT_CLASS = YES_ERROR;
				CLANG_WARN_QUOTED_INCLUDE_IN_FRAMEWORK_HEADER = YES;
				CLANG_WARN_RANGE_LOOP_ANALYSIS = YES;
				CLANG_WARN_STRICT_PROTOTYPES = YES;
				CLANG_WARN_SUSPICIOUS_MOVE = YES;
				CLANG_WARN_UNGUARDED_AVAILABILITY = YES_AGGRESSIVE;
				CLANG_WARN_UNREACHABLE_CODE = YES;
				CLANG_WARN__DUPLICATE_METHOD_MATCH = YES;
				COPY_PHASE_STRIP = NO;
				DEBUG_INFORMATION_FORMAT = "dwarf-with-dsym";
				ENABLE_NS_ASSERTIONS = NO;
				ENABLE_STRICT_OBJC_MSGSEND = YES;
				ENABLE_USER_SCRIPT_SANDBOXING = YES;
				GCC_C_LANGUAGE_STANDARD = gnu17;
				GCC_NO_COMMON_BLOCKS = YES;
				GCC_WARN_64_TO_32_BIT_CONVERSION = YES;
				GCC_WARN_ABOUT_RETURN_TYPE = YES_ERROR;
				GCC_WARN_UNDECLARED_SELECTOR = YES;
				GCC_WARN_UNINITIALIZED_AUTOS = YES_AGGRESSIVE;
				GCC_WARN_UNUSED_FUNCTION = YES;
				GCC_WARN_UNUSED_VARIABLE = YES;
				LOCALIZATION_PREFERS_STRING_CATALOGS = YES;
				MTL_ENABLE_DEBUG_INFO = NO;
				MTL_FAST_MATH = YES;
				SDKROOT = xros;
				SWIFT_COMPILATION_MODE = wholemodule;
				VALIDATE_PRODUCT = YES;
				XROS_DEPLOYMENT_TARGET = 2.0;
			};
			name = Release;
		};
		0F912B802C3A30AB00D44DEF /* Debug */ = {
			isa = XCBuildConfiguration;
			buildSettings = {
				ASSETCATALOG_COMPILER_APPICON_NAME = AppIcon;
				ASSETCATALOG_COMPILER_GLOBAL_ACCENT_COLOR_NAME = AccentColor;
				CODE_SIGN_STYLE = Automatic;
				CURRENT_PROJECT_VERSION = 1;
				DEVELOPMENT_ASSET_PATHS = "\"VisionOSObjectTrackingDemo/Preview Content\"";
				DEVELOPMENT_TEAM = N785YC5D6V;
				ENABLE_PREVIEWS = YES;
				GENERATE_INFOPLIST_FILE = YES;
				INFOPLIST_FILE = "$(TARGET_NAME)/Info.plist";
				LD_RUNPATH_SEARCH_PATHS = (
					"$(inherited)",
					"@executable_path/Frameworks",
				);
				MARKETING_VERSION = 1.0;
				PRODUCT_BUNDLE_IDENTIFIER = com.learnxr.VisionOSObjectTrackingDemo;
				PRODUCT_NAME = "$(TARGET_NAME)";
				SUPPORTED_PLATFORMS = "xros xrsimulator";
				SWIFT_EMIT_LOC_STRINGS = YES;
				SWIFT_VERSION = 5.0;
				TARGETED_DEVICE_FAMILY = 7;
			};
			name = Debug;
		};
		0F912B812C3A30AB00D44DEF /* Release */ = {
			isa = XCBuildConfiguration;
			buildSettings = {
				ASSETCATALOG_COMPILER_APPICON_NAME = AppIcon;
				ASSETCATALOG_COMPILER_GLOBAL_ACCENT_COLOR_NAME = AccentColor;
				CODE_SIGN_STYLE = Automatic;
				CURRENT_PROJECT_VERSION = 1;
				DEVELOPMENT_ASSET_PATHS = "\"VisionOSObjectTrackingDemo/Preview Content\"";
				DEVELOPMENT_TEAM = N785YC5D6V;
				ENABLE_PREVIEWS = YES;
				GENERATE_INFOPLIST_FILE = YES;
				INFOPLIST_FILE = "$(TARGET_NAME)/Info.plist";
				LD_RUNPATH_SEARCH_PATHS = (
					"$(inherited)",
					"@executable_path/Frameworks",
				);
				MARKETING_VERSION = 1.0;
				PRODUCT_BUNDLE_IDENTIFIER = com.learnxr.VisionOSObjectTrackingDemo;
				PRODUCT_NAME = "$(TARGET_NAME)";
				SUPPORTED_PLATFORMS = "xros xrsimulator";
				SWIFT_EMIT_LOC_STRINGS = YES;
				SWIFT_VERSION = 5.0;
				TARGETED_DEVICE_FAMILY = 7;
			};
			name = Release;
		};
		0F912B832C3A30AB00D44DEF /* Debug */ = {
			isa = XCBuildConfiguration;
			buildSettings = {
				BUNDLE_LOADER = "$(TEST_HOST)";
				CODE_SIGN_STYLE = Automatic;
				CURRENT_PROJECT_VERSION = 1;
				DEVELOPMENT_TEAM = N785YC5D6V;
				GENERATE_INFOPLIST_FILE = YES;
				MARKETING_VERSION = 1.0;
				PRODUCT_BUNDLE_IDENTIFIER = com.learnxr.VisionOSObjectTrackingDemoTests;
				PRODUCT_NAME = "$(TARGET_NAME)";
				SUPPORTED_PLATFORMS = "xros xrsimulator";
				SWIFT_EMIT_LOC_STRINGS = NO;
				SWIFT_VERSION = 5.0;
				TARGETED_DEVICE_FAMILY = 7;
				TEST_HOST = "$(BUILT_PRODUCTS_DIR)/VisionOSObjectTrackingDemo.app/$(BUNDLE_EXECUTABLE_FOLDER_PATH)/VisionOSObjectTrackingDemo";
				XROS_DEPLOYMENT_TARGET = 2.0;
			};
			name = Debug;
		};
		0F912B842C3A30AB00D44DEF /* Release */ = {
			isa = XCBuildConfiguration;
			buildSettings = {
				BUNDLE_LOADER = "$(TEST_HOST)";
				CODE_SIGN_STYLE = Automatic;
				CURRENT_PROJECT_VERSION = 1;
				DEVELOPMENT_TEAM = N785YC5D6V;
				GENERATE_INFOPLIST_FILE = YES;
				MARKETING_VERSION = 1.0;
				PRODUCT_BUNDLE_IDENTIFIER = com.learnxr.VisionOSObjectTrackingDemoTests;
				PRODUCT_NAME = "$(TARGET_NAME)";
				SUPPORTED_PLATFORMS = "xros xrsimulator";
				SWIFT_EMIT_LOC_STRINGS = NO;
				SWIFT_VERSION = 5.0;
				TARGETED_DEVICE_FAMILY = 7;
				TEST_HOST = "$(BUILT_PRODUCTS_DIR)/VisionOSObjectTrackingDemo.app/$(BUNDLE_EXECUTABLE_FOLDER_PATH)/VisionOSObjectTrackingDemo";
				XROS_DEPLOYMENT_TARGET = 2.0;
			};
			name = Release;
		};
/* End XCBuildConfiguration section */

/* Begin XCConfigurationList section */
		0F912B572C3A30A900D44DEF /* Build configuration list for PBXProject "VisionOSObjectTrackingDemo" */ = {
			isa = XCConfigurationList;
			buildConfigurations = (
				0F912B7D2C3A30AB00D44DEF /* Debug */,
				0F912B7E2C3A30AB00D44DEF /* Release */,
			);
			defaultConfigurationIsVisible = 0;
			defaultConfigurationName = Release;
		};
		0F912B7F2C3A30AB00D44DEF /* Build configuration list for PBXNativeTarget "VisionOSObjectTrackingDemo" */ = {
			isa = XCConfigurationList;
			buildConfigurations = (
				0F912B802C3A30AB00D44DEF /* Debug */,
				0F912B812C3A30AB00D44DEF /* Release */,
			);
			defaultConfigurationIsVisible = 0;
			defaultConfigurationName = Release;
		};
		0F912B822C3A30AB00D44DEF /* Build configuration list for PBXNativeTarget "VisionOSObjectTrackingDemoTests" */ = {
			isa = XCConfigurationList;
			buildConfigurations = (
				0F912B832C3A30AB00D44DEF /* Debug */,
				0F912B842C3A30AB00D44DEF /* Release */,
			);
			defaultConfigurationIsVisible = 0;
			defaultConfigurationName = Release;
		};
/* End XCConfigurationList section */

/* Begin XCSwiftPackageProductDependency section */
		0F912B612C3A30A900D44DEF /* RealityKitContent */ = {
			isa = XCSwiftPackageProductDependency;
			productName = RealityKitContent;
		};
/* End XCSwiftPackageProductDependency section */
	};
	rootObject = 0F912B542C3A30A900D44DEF /* Project object */;
}
